
Microsoft Visual Studio Solution File, Format Version 12.00
# Visual Studio Version 17
VisualStudioVersion = 17.3.32901.215
MinimumVisualStudioVersion = 10.0.40219.1
Project("{FAE04EC0-301F-11D3-BF4B-00C04F79EFBC}") = "urun fiyat hesaplama", "urun fiyat hesaplama\urun fiyat hesaplama.csproj", "{BE44E2CD-0152-491D-917D-949E9649950E}"
EndProject
Global
	GlobalSection(SolutionConfigurationPlatforms) = preSolution
		Debug|Any CPU = Debug|Any CPU
		Release|Any CPU = Release|Any CPU
	EndGlobalSection
	GlobalSection(ProjectConfigurationPlatforms) = postSolution
		{BE44E2CD-0152-491D-917D-949E9649950E}.Debug|Any CPU.ActiveCfg = Debug|Any CPU
		{BE44E2CD-0152-491D-917D-949E9649950E}.Debug|Any CPU.Build.0 = Debug|Any CPU
		{BE44E2CD-0152-491D-917D-949E9649950E}.Release|Any CPU.ActiveCfg = Release|Any CPU
		{BE44E2CD-0152-491D-917D-949E9649950E}.Release|Any CPU.Build.0 = Release|Any CPU
	EndGlobalSection
	GlobalSection(SolutionProperties) = preSolution
		HideSolutionNode = FALSE
	EndGlobalSection
	GlobalSection(ExtensibilityGlobals) = postSolution
		SolutionGuid = {F8095D12-757C-4603-8786-269A87F1ADD3}
	EndGlobalSection
EndGlobal
